
Microsoft Visual Studio Solution File, Format Version 12.00
# Visual Studio Version 16
VisualStudioVersion = 16.0.30717.126
MinimumVisualStudioVersion = 10.0.40219.1
Project("{8BC9CEB8-8B4A-11D0-8D11-00A0C91BC942}") = "ITTI", "ITTI\ITTI.vcxproj", "{CA29DA15-2AE8-438E-96B8-533F1AD8D873}"
EndProject
Project("{8BC9CEB8-8B4A-11D0-8D11-00A0C91BC942}") = "FastTrackITTITest", "FastTrackITTITest\FastTrackITTITest.vcxproj", "{2F9ABD16-1498-4B3E-AA6C-507FDAA9560F}"
EndProject
Global
	GlobalSection(SolutionConfigurationPlatforms) = preSolution
		Debug|x64 = Debug|x64
		Debug|x86 = Debug|x86
		Release|x64 = Release|x64
		Release|x86 = Release|x86
	EndGlobalSection
	GlobalSection(ProjectConfigurationPlatforms) = postSolution
		{CA29DA15-2AE8-438E-96B8-533F1AD8D873}.Debug|x64.ActiveCfg = Debug|x64
		{CA29DA15-2AE8-438E-96B8-533F1AD8D873}.Debug|x64.Build.0 = Debug|x64
		{CA29DA15-2AE8-438E-96B8-533F1AD8D873}.Debug|x86.ActiveCfg = Debug|Win32
		{CA29DA15-2AE8-438E-96B8-533F1AD8D873}.Debug|x86.Build.0 = Debug|Win32
		{CA29DA15-2AE8-438E-96B8-533F1AD8D873}.Release|x64.ActiveCfg = Release|x64
		{CA29DA15-2AE8-438E-96B8-533F1AD8D873}.Release|x64.Build.0 = Release|x64
		{CA29DA15-2AE8-438E-96B8-533F1AD8D873}.Release|x86.ActiveCfg = Release|Win32
		{CA29DA15-2AE8-438E-96B8-533F1AD8D873}.Release|x86.Build.0 = Release|Win32
		{2F9ABD16-1498-4B3E-AA6C-507FDAA9560F}.Debug|x64.ActiveCfg = Debug|x64
		{2F9ABD16-1498-4B3E-AA6C-507FDAA9560F}.Debug|x64.Build.0 = Debug|x64
		{2F9ABD16-1498-4B3E-AA6C-507FDAA9560F}.Debug|x86.ActiveCfg = Debug|Win32
		{2F9ABD16-1498-4B3E-AA6C-507FDAA9560F}.Debug|x86.Build.0 = Debug|Win32
		{2F9ABD16-1498-4B3E-AA6C-507FDAA9560F}.Release|x64.ActiveCfg = Release|x64
		{2F9ABD16-1498-4B3E-AA6C-507FDAA9560F}.Release|x64.Build.0 = Release|x64
		{2F9ABD16-1498-4B3E-AA6C-507FDAA9560F}.Release|x86.ActiveCfg = Release|Win32
		{2F9ABD16-1498-4B3E-AA6C-507FDAA9560F}.Release|x86.Build.0 = Release|Win32
	EndGlobalSection
	GlobalSection(SolutionProperties) = preSolution
		HideSolutionNode = FALSE
	EndGlobalSection
	GlobalSection(ExtensibilityGlobals) = postSolution
		SolutionGuid = {9CAC7AA9-C472-4166-B841-4A15755EDC6B}
	EndGlobalSection
EndGlobal
